
Microsoft Visual Studio Solution File, Format Version 12.00
# Visual Studio Version 17
VisualStudioVersion = 17.11.35222.181
MinimumVisualStudioVersion = 10.0.40219.1
Project("{8BC9CEB8-8B4A-11D0-8D11-00A0C91BC942}") = "SandBox", "..\SandBox\SandBox.vcxproj", "{225C92A8-2005-4A76-B580-2D7486FD4339}"
EndProject
Project("{8BC9CEB8-8B4A-11D0-8D11-00A0C91BC942}") = "Exploadingbrains", "Exploadingbrains.vcxproj", "{63C2F4CF-E031-4EFC-8796-9096A41CE040}"
EndProject
Global
	GlobalSection(SolutionConfigurationPlatforms) = preSolution
		Debug|x64 = Debug|x64
		Release|x64 = Release|x64
	EndGlobalSection
	GlobalSection(ProjectConfigurationPlatforms) = postSolution
		{63C2F4CF-E031-4EFC-8796-9096A41CE040}.Debug|x64.ActiveCfg = Debug|x64
		{63C2F4CF-E031-4EFC-8796-9096A41CE040}.Debug|x64.Build.0 = Debug|x64
		{63C2F4CF-E031-4EFC-8796-9096A41CE040}.Release|x64.ActiveCfg = Release|x64
		{63C2F4CF-E031-4EFC-8796-9096A41CE040}.Release|x64.Build.0 = Release|x64
		{225C92A8-2005-4A76-B580-2D7486FD4339}.Debug|x64.ActiveCfg = Debug|x64
		{225C92A8-2005-4A76-B580-2D7486FD4339}.Debug|x64.Build.0 = Debug|x64
		{225C92A8-2005-4A76-B580-2D7486FD4339}.Release|x64.ActiveCfg = Release|x64
		{225C92A8-2005-4A76-B580-2D7486FD4339}.Release|x64.Build.0 = Release|x64
	EndGlobalSection
	GlobalSection(SolutionProperties) = preSolution
		HideSolutionNode = FALSE
	EndGlobalSection
	GlobalSection(ExtensibilityGlobals) = postSolution
		SolutionGuid = {399C34DE-ACC1-44C7-9838-0C044E79436C}
	EndGlobalSection
EndGlobal
